// !$*UTF8*$!
{
	archiveVersion = 1;
	classes = {
	};
	objectVersion = 56;
	objects = {

/* Begin PBXBuildFile section */
		FFF441902BD3B41A009CBEBB /* RealityKitContent in Frameworks */ = {isa = PBXBuildFile; productRef = FFF4418F2BD3B41A009CBEBB /* RealityKitContent */; };
		FFF441922BD3B41A009CBEBB /* VisionPro13thCamApp.swift in Sources */ = {isa = PBXBuildFile; fileRef = FFF441912BD3B41A009CBEBB /* VisionPro13thCamApp.swift */; };
		FFF441942BD3B41A009CBEBB /* ContentView.swift in Sources */ = {isa = PBXBuildFile; fileRef = FFF441932BD3B41A009CBEBB /* ContentView.swift */; };
		FFF441962BD3B41A009CBEBB /* ImmersiveView.swift in Sources */ = {isa = PBXBuildFile; fileRef = FFF441952BD3B41A009CBEBB /* ImmersiveView.swift */; };
		FFF441982BD3B41B009CBEBB /* Assets.xcassets in Resources */ = {isa = PBXBuildFile; fileRef = FFF441972BD3B41B009CBEBB /* Assets.xcassets */; };
		FFF4419B2BD3B41B009CBEBB /* Preview Assets.xcassets in Resources */ = {isa = PBXBuildFile; fileRef = FFF4419A2BD3B41B009CBEBB /* Preview Assets.xcassets */; };
/* End PBXBuildFile section */

/* Begin PBXFileReference section */
		FFF4418A2BD3B41A009CBEBB /* VisionPro13thCam.app */ = {isa = PBXFileReference; explicitFileType = wrapper.application; includeInIndex = 0; path = VisionPro13thCam.app; sourceTree = BUILT_PRODUCTS_DIR; };
		FFF4418E2BD3B41A009CBEBB /* RealityKitContent */ = {isa = PBXFileReference; lastKnownFileType = wrapper; path = RealityKitContent; sourceTree = "<group>"; };
		FFF441912BD3B41A009CBEBB /* VisionPro13thCamApp.swift */ = {isa = PBXFileReference; lastKnownFileType = sourcecode.swift; path = VisionPro13thCamApp.swift; sourceTree = "<group>"; };
		FFF441932BD3B41A009CBEBB /* ContentView.swift */ = {isa = PBXFileReference; lastKnownFileType = sourcecode.swift; path = ContentView.swift; sourceTree = "<group>"; };
		FFF441952BD3B41A009CBEBB /* ImmersiveView.swift */ = {isa = PBXFileReference; lastKnownFileType = sourcecode.swift; path = ImmersiveView.swift; sourceTree = "<group>"; };
		FFF441972BD3B41B009CBEBB /* Assets.xcassets */ = {isa = PBXFileReference; lastKnownFileType = folder.assetcatalog; path = Assets.xcassets; sourceTree = "<group>"; };
		FFF4419A2BD3B41B009CBEBB /* Preview Assets.xcassets */ = {isa = PBXFileReference; lastKnownFileType = folder.assetcatalog; path = "Preview Assets.xcassets"; sourceTree = "<group>"; };
		FFF4419C2BD3B41B009CBEBB /* Info.plist */ = {isa = PBXFileReference; lastKnownFileType = text.plist.xml; path = Info.plist; sourceTree = "<group>"; };
/* End PBXFileReference section */

/* Begin PBXFrameworksBuildPhase section */
		FFF441872BD3B41A009CBEBB /* Frameworks */ = {
			isa = PBXFrameworksBuildPhase;
			buildActionMask = 2147483647;
			files = (
				FFF441902BD3B41A009CBEBB /* RealityKitContent in Frameworks */,
			);
			runOnlyForDeploymentPostprocessing = 0;
		};
/* End PBXFrameworksBuildPhase section */

/* Begin PBXGroup section */
		FFF441812BD3B41A009CBEBB = {
			isa = PBXGroup;
			children = (
				FFF4418C2BD3B41A009CBEBB /* VisionPro13thCam */,
				FFF4418D2BD3B41A009CBEBB /* Packages */,
				FFF4418B2BD3B41A009CBEBB /* Products */,
			);
			sourceTree = "<group>";
		};
		FFF4418B2BD3B41A009CBEBB /* Products */ = {
			isa = PBXGroup;
			children = (
				FFF4418A2BD3B41A009CBEBB /* VisionPro13thCam.app */,
			);
			name = Products;
			sourceTree = "<group>";
		};
		FFF4418C2BD3B41A009CBEBB /* VisionPro13thCam */ = {
			isa = PBXGroup;
			children = (
				FFF441912BD3B41A009CBEBB /* VisionPro13thCamApp.swift */,
				FFF441932BD3B41A009CBEBB /* ContentView.swift */,
				FFF441952BD3B41A009CBEBB /* ImmersiveView.swift */,
				FFF441972BD3B41B009CBEBB /* Assets.xcassets */,
				FFF4419C2BD3B41B009CBEBB /* Info.plist */,
				FFF441992BD3B41B009CBEBB /* Preview Content */,
			);
			path = VisionPro13thCam;
			sourceTree = "<group>";
		};
		FFF4418D2BD3B41A009CBEBB /* Packages */ = {
			isa = PBXGroup;
			children = (
				FFF4418E2BD3B41A009CBEBB /* RealityKitContent */,
			);
			path = Packages;
			sourceTree = "<group>";
		};
		FFF441992BD3B41B009CBEBB /* Preview Content */ = {
			isa = PBXGroup;
			children = (
				FFF4419A2BD3B41B009CBEBB /* Preview Assets.xcassets */,
			);
			path = "Preview Content";
			sourceTree = "<group>";
		};
/* End PBXGroup section */

/* Begin PBXNativeTarget section */
		FFF441892BD3B41A009CBEBB /* VisionPro13thCam */ = {
			isa = PBXNativeTarget;
			buildConfigurationList = FFF4419F2BD3B41B009CBEBB /* Build configuration list for PBXNativeTarget "VisionPro13thCam" */;
			buildPhases = (
				FFF441862BD3B41A009CBEBB /* Sources */,
				FFF441872BD3B41A009CBEBB /* Frameworks */,
				FFF441882BD3B41A009CBEBB /* Resources */,
			);
			buildRules = (
			);
			dependencies = (
			);
			name = VisionPro13thCam;
			packageProductDependencies = (
				FFF4418F2BD3B41A009CBEBB /* RealityKitContent */,
			);
			productName = VisionPro13thCam;
			productReference = FFF4418A2BD3B41A009CBEBB /* VisionPro13thCam.app */;
			productType = "com.apple.product-type.application";
		};
/* End PBXNativeTarget section */

/* Begin PBXProject section */
		FFF441822BD3B41A009CBEBB /* Project object */ = {
			isa = PBXProject;
			attributes = {
				BuildIndependentTargetsInParallel = 1;
				LastSwiftUpdateCheck = 1530;
				LastUpgradeCheck = 1530;
				TargetAttributes = {
					FFF441892BD3B41A009CBEBB = {
						CreatedOnToolsVersion = 15.3;
					};
				};
			};
			buildConfigurationList = FFF441852BD3B41A009CBEBB /* Build configuration list for PBXProject "VisionPro13thCam" */;
			compatibilityVersion = "Xcode 14.0";
			developmentRegion = en;
			hasScannedForEncodings = 0;
			knownRegions = (
				en,
				Base,
			);
			mainGroup = FFF441812BD3B41A009CBEBB;
			productRefGroup = FFF4418B2BD3B41A009CBEBB /* Products */;
			projectDirPath = "";
			projectRoot = "";
			targets = (
				FFF441892BD3B41A009CBEBB /* VisionPro13thCam */,
			);
		};
/* End PBXProject section */

/* Begin PBXResourcesBuildPhase section */
		FFF441882BD3B41A009CBEBB /* Resources */ = {
			isa = PBXResourcesBuildPhase;
			buildActionMask = 2147483647;
			files = (
				FFF4419B2BD3B41B009CBEBB /* Preview Assets.xcassets in Resources */,
				FFF441982BD3B41B009CBEBB /* Assets.xcassets in Resources */,
			);
			runOnlyForDeploymentPostprocessing = 0;
		};
/* End PBXResourcesBuildPhase section */

/* Begin PBXSourcesBuildPhase section */
		FFF441862BD3B41A009CBEBB /* Sources */ = {
			isa = PBXSourcesBuildPhase;
			buildActionMask = 2147483647;
			files = (
				FFF441942BD3B41A009CBEBB /* ContentView.swift in Sources */,
				FFF441922BD3B41A009CBEBB /* VisionPro13thCamApp.swift in Sources */,
				FFF441962BD3B41A009CBEBB /* ImmersiveView.swift in Sources */,
			);
			runOnlyForDeploymentPostprocessing = 0;
		};
/* End PBXSourcesBuildPhase section */

/* Begin XCBuildConfiguration section */
		FFF4419D2BD3B41B009CBEBB /* Debug */ = {
			isa = XCBuildConfiguration;
			buildSettings = {
				ALWAYS_SEARCH_USER_PATHS = NO;
				ASSETCATALOG_COMPILER_GENERATE_SWIFT_ASSET_SYMBOL_EXTENSIONS = YES;
				CLANG_ANALYZER_NONNULL = YES;
				CLANG_ANALYZER_NUMBER_OBJECT_CONVERSION = YES_AGGRESSIVE;
				CLANG_CXX_LANGUAGE_STANDARD = "gnu++20";
				CLANG_ENABLE_MODULES = YES;
				CLANG_ENABLE_OBJC_ARC = YES;
				CLANG_ENABLE_OBJC_WEAK = YES;
				CLANG_WARN_BLOCK_CAPTURE_AUTORELEASING = YES;
				CLANG_WARN_BOOL_CONVERSION = YES;
				CLANG_WARN_COMMA = YES;
				CLANG_WARN_CONSTANT_CONVERSION = YES;
				CLANG_WARN_DEPRECATED_OBJC_IMPLEMENTATIONS = YES;
				CLANG_WARN_DIRECT_OBJC_ISA_USAGE = YES_ERROR;
				CLANG_WARN_DOCUMENTATION_COMMENTS = YES;
				CLANG_WARN_EMPTY_BODY = YES;
				CLANG_WARN_ENUM_CONVERSION = YES;
				CLANG_WARN_INFINITE_RECURSION = YES;
				CLANG_WARN_INT_CONVERSION = YES;
				CLANG_WARN_NON_LITERAL_NULL_CONVERSION = YES;
				CLANG_WARN_OBJC_IMPLICIT_RETAIN_SELF = YES;
				CLANG_WARN_OBJC_LITERAL_CONVERSION = YES;
				CLANG_WARN_OBJC_ROOT_CLASS = YES_ERROR;
				CLANG_WARN_QUOTED_INCLUDE_IN_FRAMEWORK_HEADER = YES;
				CLANG_WARN_RANGE_LOOP_ANALYSIS = YES;
				CLANG_WARN_STRICT_PROTOTYPES = YES;
				CLANG_WARN_SUSPICIOUS_MOVE = YES;
				CLANG_WARN_UNGUARDED_AVAILABILITY = YES_AGGRESSIVE;
				CLANG_WARN_UNREACHABLE_CODE = YES;
				CLANG_WARN__DUPLICATE_METHOD_MATCH = YES;
				COPY_PHASE_STRIP = NO;
				DEBUG_INFORMATION_FORMAT = dwarf;
				ENABLE_STRICT_OBJC_MSGSEND = YES;
				ENABLE_TESTABILITY = YES;
				ENABLE_USER_SCRIPT_SANDBOXING = YES;
				GCC_C_LANGUAGE_STANDARD = gnu17;
				GCC_DYNAMIC_NO_PIC = NO;
				GCC_NO_COMMON_BLOCKS = YES;
				GCC_OPTIMIZATION_LEVEL = 0;
				GCC_PREPROCESSOR_DEFINITIONS = (
					"DEBUG=1",
					"$(inherited)",
				);
				GCC_WARN_64_TO_32_BIT_CONVERSION = YES;
				GCC_WARN_ABOUT_RETURN_TYPE = YES_ERROR;
				GCC_WARN_UNDECLARED_SELECTOR = YES;
				GCC_WARN_UNINITIALIZED_AUTOS = YES_AGGRESSIVE;
				GCC_WARN_UNUSED_FUNCTION = YES;
				GCC_WARN_UNUSED_VARIABLE = YES;
				LOCALIZATION_PREFERS_STRING_CATALOGS = YES;
				MTL_ENABLE_DEBUG_INFO = INCLUDE_SOURCE;
				MTL_FAST_MATH = YES;
				ONLY_ACTIVE_ARCH = YES;
				SDKROOT = xros;
				SWIFT_ACTIVE_COMPILATION_CONDITIONS = "DEBUG $(inherited)";
				SWIFT_OPTIMIZATION_LEVEL = "-Onone";
				XROS_DEPLOYMENT_TARGET = 1.1;
			};
			name = Debug;
		};
		FFF4419E2BD3B41B009CBEBB /* Release */ = {
			isa = XCBuildConfiguration;
			buildSettings = {
				ALWAYS_SEARCH_USER_PATHS = NO;
				ASSETCATALOG_COMPILER_GENERATE_SWIFT_ASSET_SYMBOL_EXTENSIONS = YES;
				CLANG_ANALYZER_NONNULL = YES;
				CLANG_ANALYZER_NUMBER_OBJECT_CONVERSION = YES_AGGRESSIVE;
				CLANG_CXX_LANGUAGE_STANDARD = "gnu++20";
				CLANG_ENABLE_MODULES = YES;
				CLANG_ENABLE_OBJC_ARC = YES;
				CLANG_ENABLE_OBJC_WEAK = YES;
				CLANG_WARN_BLOCK_CAPTURE_AUTORELEASING = YES;
				CLANG_WARN_BOOL_CONVERSION = YES;
				CLANG_WARN_COMMA = YES;
				CLANG_WARN_CONSTANT_CONVERSION = YES;
				CLANG_WARN_DEPRECATED_OBJC_IMPLEMENTATIONS = YES;
				CLANG_WARN_DIRECT_OBJC_ISA_USAGE = YES_ERROR;
				CLANG_WARN_DOCUMENTATION_COMMENTS = YES;
				CLANG_WARN_EMPTY_BODY = YES;
				CLANG_WARN_ENUM_CONVERSION = YES;
				CLANG_WARN_INFINITE_RECURSION = YES;
				CLANG_WARN_INT_CONVERSION = YES;
				CLANG_WARN_NON_LITERAL_NULL_CONVERSION = YES;
				CLANG_WARN_OBJC_IMPLICIT_RETAIN_SELF = YES;
				CLANG_WARN_OBJC_LITERAL_CONVERSION = YES;
				CLANG_WARN_OBJC_ROOT_CLASS = YES_ERROR;
				CLANG_WARN_QUOTED_INCLUDE_IN_FRAMEWORK_HEADER = YES;
				CLANG_WARN_RANGE_LOOP_ANALYSIS = YES;
				CLANG_WARN_STRICT_PROTOTYPES = YES;
				CLANG_WARN_SUSPICIOUS_MOVE = YES;
				CLANG_WARN_UNGUARDED_AVAILABILITY = YES_AGGRESSIVE;
				CLANG_WARN_UNREACHABLE_CODE = YES;
				CLANG_WARN__DUPLICATE_METHOD_MATCH = YES;
				COPY_PHASE_STRIP = NO;
				DEBUG_INFORMATION_FORMAT = "dwarf-with-dsym";
				ENABLE_NS_ASSERTIONS = NO;
				ENABLE_STRICT_OBJC_MSGSEND = YES;
				ENABLE_USER_SCRIPT_SANDBOXING = YES;
				GCC_C_LANGUAGE_STANDARD = gnu17;
				GCC_NO_COMMON_BLOCKS = YES;
				GCC_WARN_64_TO_32_BIT_CONVERSION = YES;
				GCC_WARN_ABOUT_RETURN_TYPE = YES_ERROR;
				GCC_WARN_UNDECLARED_SELECTOR = YES;
				GCC_WARN_UNINITIALIZED_AUTOS = YES_AGGRESSIVE;
				GCC_WARN_UNUSED_FUNCTION = YES;
				GCC_WARN_UNUSED_VARIABLE = YES;
				LOCALIZATION_PREFERS_STRING_CATALOGS = YES;
				MTL_ENABLE_DEBUG_INFO = NO;
				MTL_FAST_MATH = YES;
				SDKROOT = xros;
				SWIFT_COMPILATION_MODE = wholemodule;
				VALIDATE_PRODUCT = YES;
				XROS_DEPLOYMENT_TARGET = 1.1;
			};
			name = Release;
		};
		FFF441A02BD3B41B009CBEBB /* Debug */ = {
			isa = XCBuildConfiguration;
			buildSettings = {
				ASSETCATALOG_COMPILER_APPICON_NAME = AppIcon;
				ASSETCATALOG_COMPILER_GLOBAL_ACCENT_COLOR_NAME = AccentColor;
				CODE_SIGN_STYLE = Automatic;
				CURRENT_PROJECT_VERSION = 1;
				DEVELOPMENT_ASSET_PATHS = "\"VisionPro13thCam/Preview Content\"";
				DEVELOPMENT_TEAM = P8RDT88SUS;
				ENABLE_PREVIEWS = YES;
				GENERATE_INFOPLIST_FILE = YES;
				INFOPLIST_FILE = "$(TARGET_NAME)/Info.plist";
				INFOPLIST_KEY_NSLocalNetworkUsageDescription = "Use Local network";
				LD_RUNPATH_SEARCH_PATHS = (
					"$(inherited)",
					"@executable_path/Frameworks",
				);
				MARKETING_VERSION = 1.0;
				PRODUCT_BUNDLE_IDENTIFIER = com.newtonjapan.VisionPro13thCam;
				PRODUCT_NAME = "$(TARGET_NAME)";
				SUPPORTED_PLATFORMS = "xros xrsimulator";
				SWIFT_EMIT_LOC_STRINGS = YES;
				SWIFT_VERSION = 5.0;
				TARGETED_DEVICE_FAMILY = "1,2,7";
			};
			name = Debug;
		};
		FFF441A12BD3B41B009CBEBB /* Release */ = {
			isa = XCBuildConfiguration;
			buildSettings = {
				ASSETCATALOG_COMPILER_APPICON_NAME = AppIcon;
				ASSETCATALOG_COMPILER_GLOBAL_ACCENT_COLOR_NAME = AccentColor;
				CODE_SIGN_STYLE = Automatic;
				CURRENT_PROJECT_VERSION = 1;
				DEVELOPMENT_ASSET_PATHS = "\"VisionPro13thCam/Preview Content\"";
				DEVELOPMENT_TEAM = P8RDT88SUS;
				ENABLE_PREVIEWS = YES;
				GENERATE_INFOPLIST_FILE = YES;
				INFOPLIST_FILE = "$(TARGET_NAME)/Info.plist";
				INFOPLIST_KEY_NSLocalNetworkUsageDescription = "Use Local network";
				LD_RUNPATH_SEARCH_PATHS = (
					"$(inherited)",
					"@executable_path/Frameworks",
				);
				MARKETING_VERSION = 1.0;
				PRODUCT_BUNDLE_IDENTIFIER = com.newtonjapan.VisionPro13thCam;
				PRODUCT_NAME = "$(TARGET_NAME)";
				SUPPORTED_PLATFORMS = "xros xrsimulator";
				SWIFT_EMIT_LOC_STRINGS = YES;
				SWIFT_VERSION = 5.0;
				TARGETED_DEVICE_FAMILY = "1,2,7";
			};
			name = Release;
		};
/* End XCBuildConfiguration section */

/* Begin XCConfigurationList section */
		FFF441852BD3B41A009CBEBB /* Build configuration list for PBXProject "VisionPro13thCam" */ = {
			isa = XCConfigurationList;
			buildConfigurations = (
				FFF4419D2BD3B41B009CBEBB /* Debug */,
				FFF4419E2BD3B41B009CBEBB /* Release */,
			);
			defaultConfigurationIsVisible = 0;
			defaultConfigurationName = Release;
		};
		FFF4419F2BD3B41B009CBEBB /* Build configuration list for PBXNativeTarget "VisionPro13thCam" */ = {
			isa = XCConfigurationList;
			buildConfigurations = (
				FFF441A02BD3B41B009CBEBB /* Debug */,
				FFF441A12BD3B41B009CBEBB /* Release */,
			);
			defaultConfigurationIsVisible = 0;
			defaultConfigurationName = Release;
		};
/* End XCConfigurationList section */

/* Begin XCSwiftPackageProductDependency section */
		FFF4418F2BD3B41A009CBEBB /* RealityKitContent */ = {
			isa = XCSwiftPackageProductDependency;
			productName = RealityKitContent;
		};
/* End XCSwiftPackageProductDependency section */
	};
	rootObject = FFF441822BD3B41A009CBEBB /* Project object */;
}
